
Microsoft Visual Studio Solution File, Format Version 12.00
# Visual Studio 15
Project("{D954291E-2A0B-460D-934E-DC6B0785DB48}") = "ExampleMultiApp", "ExampleMultiApp\ExampleMultiApp.shproj", "{824F316F-9403-46DC-9313-CBE03555D5A4}"
EndProject
Project("{FAE04EC0-301F-11D3-BF4B-00C04F79EFBC}") = "ExampleMultiApp.iOS", "iOS\ExampleMultiApp.iOS.csproj", "{F3900FB1-5B2B-46C5-85AF-B944546461F1}"
EndProject
Project("{FAE04EC0-301F-11D3-BF4B-00C04F79EFBC}") = "ExampleMultiApp.Droid", "Droid\ExampleMultiApp.Droid.csproj", "{E5954CFE-BFC5-48C1-98F6-987E49289806}"
EndProject
Global
	GlobalSection(SolutionConfigurationPlatforms) = preSolution
		Debug|iPhoneSimulator = Debug|iPhoneSimulator
		Release|iPhone = Release|iPhone
		Release|iPhoneSimulator = Release|iPhoneSimulator
		Debug|iPhone = Debug|iPhone
		Debug|Any CPU = Debug|Any CPU
		Release|Any CPU = Release|Any CPU
	EndGlobalSection
	GlobalSection(ProjectConfigurationPlatforms) = postSolution
		{F3900FB1-5B2B-46C5-85AF-B944546461F1}.Debug|iPhoneSimulator.ActiveCfg = Debug|iPhoneSimulator
		{F3900FB1-5B2B-46C5-85AF-B944546461F1}.Debug|iPhoneSimulator.Build.0 = Debug|iPhoneSimulator
		{F3900FB1-5B2B-46C5-85AF-B944546461F1}.Release|iPhone.ActiveCfg = Release|iPhone
		{F3900FB1-5B2B-46C5-85AF-B944546461F1}.Release|iPhone.Build.0 = Release|iPhone
		{F3900FB1-5B2B-46C5-85AF-B944546461F1}.Release|iPhoneSimulator.ActiveCfg = Release|iPhoneSimulator
		{F3900FB1-5B2B-46C5-85AF-B944546461F1}.Release|iPhoneSimulator.Build.0 = Release|iPhoneSimulator
		{F3900FB1-5B2B-46C5-85AF-B944546461F1}.Debug|iPhone.ActiveCfg = Debug|iPhone
		{F3900FB1-5B2B-46C5-85AF-B944546461F1}.Debug|iPhone.Build.0 = Debug|iPhone
		{F3900FB1-5B2B-46C5-85AF-B944546461F1}.Debug|Any CPU.ActiveCfg = Debug|iPhoneSimulator
		{F3900FB1-5B2B-46C5-85AF-B944546461F1}.Debug|Any CPU.Build.0 = Debug|iPhoneSimulator
		{F3900FB1-5B2B-46C5-85AF-B944546461F1}.Release|Any CPU.ActiveCfg = Release|iPhone
		{F3900FB1-5B2B-46C5-85AF-B944546461F1}.Release|Any CPU.Build.0 = Release|iPhone
		{E5954CFE-BFC5-48C1-98F6-987E49289806}.Debug|iPhoneSimulator.ActiveCfg = Debug|Any CPU
		{E5954CFE-BFC5-48C1-98F6-987E49289806}.Debug|iPhoneSimulator.Build.0 = Debug|Any CPU
		{E5954CFE-BFC5-48C1-98F6-987E49289806}.Release|iPhone.ActiveCfg = Release|Any CPU
		{E5954CFE-BFC5-48C1-98F6-987E49289806}.Release|iPhone.Build.0 = Release|Any CPU
		{E5954CFE-BFC5-48C1-98F6-987E49289806}.Release|iPhoneSimulator.ActiveCfg = Release|Any CPU
		{E5954CFE-BFC5-48C1-98F6-987E49289806}.Release|iPhoneSimulator.Build.0 = Release|Any CPU
		{E5954CFE-BFC5-48C1-98F6-987E49289806}.Debug|iPhone.ActiveCfg = Debug|Any CPU
		{E5954CFE-BFC5-48C1-98F6-987E49289806}.Debug|iPhone.Build.0 = Debug|Any CPU
		{E5954CFE-BFC5-48C1-98F6-987E49289806}.Debug|Any CPU.ActiveCfg = Debug|Any CPU
		{E5954CFE-BFC5-48C1-98F6-987E49289806}.Debug|Any CPU.Build.0 = Debug|Any CPU
		{E5954CFE-BFC5-48C1-98F6-987E49289806}.Release|Any CPU.ActiveCfg = Release|Any CPU
		{E5954CFE-BFC5-48C1-98F6-987E49289806}.Release|Any CPU.Build.0 = Release|Any CPU
	EndGlobalSection
EndGlobal
